PODS:
  - pop (1.0.7)
  - PopMenu (2.4):
    - pop
    - XHRealTimeBlur
  - XHRealTimeBlur (1.7)

DEPENDENCIES:
  - PopMenu

SPEC CHECKSUMS:
  pop: 628ffc631644601567ee8bfaaaea493ebd7d0923
  PopMenu: 26b97baeaf250070f4f61b93727ca86d127d7bc5
  XHRealTimeBlur: 661fadd5691ba2d349758e8fd5fbdb499ac55f8c

COCOAPODS: 0.38.2
